github.com/ishan1608/rest-layer-sql v0.0.0-20200105084615-c5dcc6957f19 h1:2fCN8ZNBcsEJSfMlVcizGDDV/ge36ZZ8G82yKBp07AA=
github.com/ishan1608/rest-layer-sql v0.0.0-20200105084615-c5dcc6957f19/go.mod h1:z6lFEFH7jTwZrtXng4Pjh520U885nJTrB2EVtGkQlAg=
github.com/davecgh/go-spew v1.1.1/go.mod h1:J7Y8YcW2NihsgmVo/mv3lAwl/skON4iLHjSsI+c5H38=
github.com/evanphx/json-patch v4.1.0+incompatible h1:K1MDoo4AZ4wU0GIU/fPmtZg7VpzLjCxu+UwBD1FvwOc=
github.com/evanphx/json-patch v4.1.0+incompatible/go.mod h1:50XU6AFN0ol/bzJsmQLiYLvXMP4fmwYFNcr97nuDLSk=
github.com/graphql-go/graphql v0.7.6/go.mod h1:k6yrAYQaSP59DC5UVxbgxESlmVyojThKdORUqGDGmrI=
github.com/lib/pq v1.3.0 h1:/qkRGz8zljWiDcFvgpwUpwIAPu3r07TDvs3Rws+o/pU=
github.com/lib/pq v1.3.0/go.mod h1:5WUZQaWbwv1U+lTReE5YruASi9Al49XbQIvNi/34Woo=
github.com/mattn/go-sqlite3 v2.0.2+incompatible h1:qzw9c2GNT8UFrgWNDhCTqRqYUSmu/Dav/9Z58LGpk7U=
github.com/mattn/go-sqlite3 v2.0.2+incompatible/go.mod h1:FPy6KqzDD04eiIsT53CuJW3U88zkxoIYsOqkbpncsNc=
github.com/pmezard/go-difflib v1.0.0/go.mod h1:iKH77koFhYxTK1pcRnkKkqfTogsbg7gZNVY4sRDYZ/4=
github.com/rs/cors v1.6.0/go.mod h1:gFx+x8UowdsKA9AchylcLynDq+nNFfI8FkUZdN/jGCU=
github.com/rs/rest-layer v0.2.0 h1:EdsO+nIt2uxZqF5BiwaXdw4gCqbofPFSTPv1293G48Q=
github.com/rs/rest-layer v0.2.0/go.mod h1:9kR8qjXpkpdgdYawhaKHnx1dscx3frCIGH4PjKqelsI=
github.com/rs/xid v1.2.1 h1:mhH9Nq+C1fY2l1XIpgxIiUOfNpRBYH1kKcr+qfKgjRc=
github.com/rs/xid v1.2.1/go.mod h1:+uKXf+4Djp6Md1KODXJxgGQPKngRmWyn10oCKFzNHOQ=
github.com/stretchr/testify v1.2.2/go.mod h1:a8OnRcib4nhh0OaRAV+Yts87kKdq0PP7pXfy6kDkUVs=
golang.org/x/crypto v0.0.0-20181127143415-eb0de9b17e85 h1:et7+NAX3lLIk5qUCTA9QelBjGE/NkhzYw/mhnr0s7nI=
golang.org/x/crypto v0.0.0-20181127143415-eb0de9b17e85/go.mod h1:6SG95UA2DQfeDnfUPMdvaQW0Q7yPrPDi9nlGo2tz2b4=
